
Microsoft Visual Studio Solution File, Format Version 12.00
# Visual Studio Version 16
VisualStudioVersion = 16.0.29709.97
MinimumVisualStudioVersion = 10.0.40219.1
Project("{FAE04EC0-301F-11D3-BF4B-00C04F79EFBC}") = "notenew.Android", "notenew\notenew.Android\notenew.Android.csproj", "{F4F02AA5-AE7A-4A1D-A20B-E31FB78A66F7}"
EndProject
Project("{FAE04EC0-301F-11D3-BF4B-00C04F79EFBC}") = "notenew", "notenew\notenew\notenew.csproj", "{6D4F152C-E8B7-4795-9CA1-063C0BB534BB}"
EndProject
Global
	GlobalSection(SolutionConfigurationPlatforms) = preSolution
		Debug|Any CPU = Debug|Any CPU
		Release|Any CPU = Release|Any CPU
	EndGlobalSection
	GlobalSection(ProjectConfigurationPlatforms) = postSolution
		{F4F02AA5-AE7A-4A1D-A20B-E31FB78A66F7}.Debug|Any CPU.ActiveCfg = Debug|Any CPU
		{F4F02AA5-AE7A-4A1D-A20B-E31FB78A66F7}.Debug|Any CPU.Build.0 = Debug|Any CPU
		{F4F02AA5-AE7A-4A1D-A20B-E31FB78A66F7}.Debug|Any CPU.Deploy.0 = Debug|Any CPU
		{F4F02AA5-AE7A-4A1D-A20B-E31FB78A66F7}.Release|Any CPU.ActiveCfg = Release|Any CPU
		{F4F02AA5-AE7A-4A1D-A20B-E31FB78A66F7}.Release|Any CPU.Build.0 = Release|Any CPU
		{F4F02AA5-AE7A-4A1D-A20B-E31FB78A66F7}.Release|Any CPU.Deploy.0 = Release|Any CPU
		{6D4F152C-E8B7-4795-9CA1-063C0BB534BB}.Debug|Any CPU.ActiveCfg = Debug|Any CPU
		{6D4F152C-E8B7-4795-9CA1-063C0BB534BB}.Debug|Any CPU.Build.0 = Debug|Any CPU
		{6D4F152C-E8B7-4795-9CA1-063C0BB534BB}.Debug|Any CPU.Deploy.0 = Debug|Any CPU
		{6D4F152C-E8B7-4795-9CA1-063C0BB534BB}.Release|Any CPU.ActiveCfg = Release|Any CPU
		{6D4F152C-E8B7-4795-9CA1-063C0BB534BB}.Release|Any CPU.Build.0 = Release|Any CPU
		{6D4F152C-E8B7-4795-9CA1-063C0BB534BB}.Release|Any CPU.Deploy.0 = Release|Any CPU
	EndGlobalSection
	GlobalSection(SolutionProperties) = preSolution
		HideSolutionNode = FALSE
	EndGlobalSection
	GlobalSection(ExtensibilityGlobals) = postSolution
		SolutionGuid = {B02E398B-B815-4F70-ABFF-825A72D24943}
	EndGlobalSection
EndGlobal
